// !$*UTF8*$!
{
	archiveVersion = 1;
	classes = {
	};
	objectVersion = 56;
	objects = {

/* Begin PBXBuildFile section */
		D12E66F32B96EEFD009B27AC /* fitApp.swift in Sources */ = {isa = PBXBuildFile; fileRef = D12E66F22B96EEFD009B27AC /* fitApp.swift */; };
		D12E66F52B96EEFD009B27AC /* ContentView.swift in Sources */ = {isa = PBXBuildFile; fileRef = D12E66F42B96EEFD009B27AC /* ContentView.swift */; };
		D12E66F72B96EEFD009B27AC /* Item.swift in Sources */ = {isa = PBXBuildFile; fileRef = D12E66F62B96EEFD009B27AC /* Item.swift */; };
		D12E66F92B96EEFE009B27AC /* Assets.xcassets in Resources */ = {isa = PBXBuildFile; fileRef = D12E66F82B96EEFE009B27AC /* Assets.xcassets */; };
		D12E66FD2B96EEFE009B27AC /* Preview Assets.xcassets in Resources */ = {isa = PBXBuildFile; fileRef = D12E66FC2B96EEFE009B27AC /* Preview Assets.xcassets */; };
		D12E67072B96EEFE009B27AC /* fitTests.swift in Sources */ = {isa = PBXBuildFile; fileRef = D12E67062B96EEFE009B27AC /* fitTests.swift */; };
		D12E67112B96EEFE009B27AC /* fitUITests.swift in Sources */ = {isa = PBXBuildFile; fileRef = D12E67102B96EEFE009B27AC /* fitUITests.swift */; };
		D12E67132B96EEFE009B27AC /* fitUITestsLaunchTests.swift in Sources */ = {isa = PBXBuildFile; fileRef = D12E67122B96EEFE009B27AC /* fitUITestsLaunchTests.swift */; };
/* End PBXBuildFile section */

/* Begin PBXContainerItemProxy section */
		D12E67032B96EEFE009B27AC /* PBXContainerItemProxy */ = {
			isa = PBXContainerItemProxy;
			containerPortal = D12E66E72B96EEFD009B27AC /* Project object */;
			proxyType = 1;
			remoteGlobalIDString = D12E66EE2B96EEFD009B27AC;
			remoteInfo = fit;
		};
		D12E670D2B96EEFE009B27AC /* PBXContainerItemProxy */ = {
			isa = PBXContainerItemProxy;
			containerPortal = D12E66E72B96EEFD009B27AC /* Project object */;
			proxyType = 1;
			remoteGlobalIDString = D12E66EE2B96EEFD009B27AC;
			remoteInfo = fit;
		};
/* End PBXContainerItemProxy section */

/* Begin PBXFileReference section */
		D12E66EF2B96EEFD009B27AC /* fit.app */ = {isa = PBXFileReference; explicitFileType = wrapper.application; includeInIndex = 0; path = fit.app; sourceTree = BUILT_PRODUCTS_DIR; };
		D12E66F22B96EEFD009B27AC /* fitApp.swift */ = {isa = PBXFileReference; lastKnownFileType = sourcecode.swift; path = fitApp.swift; sourceTree = "<group>"; };
		D12E66F42B96EEFD009B27AC /* ContentView.swift */ = {isa = PBXFileReference; lastKnownFileType = sourcecode.swift; path = ContentView.swift; sourceTree = "<group>"; };
		D12E66F62B96EEFD009B27AC /* Item.swift */ = {isa = PBXFileReference; lastKnownFileType = sourcecode.swift; path = Item.swift; sourceTree = "<group>"; };
		D12E66F82B96EEFE009B27AC /* Assets.xcassets */ = {isa = PBXFileReference; lastKnownFileType = folder.assetcatalog; path = Assets.xcassets; sourceTree = "<group>"; };
		D12E66FA2B96EEFE009B27AC /* fit.entitlements */ = {isa = PBXFileReference; lastKnownFileType = text.plist.entitlements; path = fit.entitlements; sourceTree = "<group>"; };
		D12E66FC2B96EEFE009B27AC /* Preview Assets.xcassets */ = {isa = PBXFileReference; lastKnownFileType = folder.assetcatalog; path = "Preview Assets.xcassets"; sourceTree = "<group>"; };
		D12E67022B96EEFE009B27AC /* fitTests.xctest */ = {isa = PBXFileReference; explicitFileType = wrapper.cfbundle; includeInIndex = 0; path = fitTests.xctest; sourceTree = BUILT_PRODUCTS_DIR; };
		D12E67062B96EEFE009B27AC /* fitTests.swift */ = {isa = PBXFileReference; lastKnownFileType = sourcecode.swift; path = fitTests.swift; sourceTree = "<group>"; };
		D12E670C2B96EEFE009B27AC /* fitUITests.xctest */ = {isa = PBXFileReference; explicitFileType = wrapper.cfbundle; includeInIndex = 0; path = fitUITests.xctest; sourceTree = BUILT_PRODUCTS_DIR; };
		D12E67102B96EEFE009B27AC /* fitUITests.swift */ = {isa = PBXFileReference; lastKnownFileType = sourcecode.swift; path = fitUITests.swift; sourceTree = "<group>"; };
		D12E67122B96EEFE009B27AC /* fitUITestsLaunchTests.swift */ = {isa = PBXFileReference; lastKnownFileType = sourcecode.swift; path = fitUITestsLaunchTests.swift; sourceTree = "<group>"; };
/* End PBXFileReference section */

/* Begin PBXFrameworksBuildPhase section */
		D12E66EC2B96EEFD009B27AC /* Frameworks */ = {
			isa = PBXFrameworksBuildPhase;
			buildActionMask = 2147483647;
			files = (
			);
			runOnlyForDeploymentPostprocessing = 0;
		};
		D12E66FF2B96EEFE009B27AC /* Frameworks */ = {
			isa = PBXFrameworksBuildPhase;
			buildActionMask = 2147483647;
			files = (
			);
			runOnlyForDeploymentPostprocessing = 0;
		};
		D12E67092B96EEFE009B27AC /* Frameworks */ = {
			isa = PBXFrameworksBuildPhase;
			buildActionMask = 2147483647;
			files = (
			);
			runOnlyForDeploymentPostprocessing = 0;
		};
/* End PBXFrameworksBuildPhase section */

/* Begin PBXGroup section */
		D12E66E62B96EEFD009B27AC = {
			isa = PBXGroup;
			children = (
				D12E66F12B96EEFD009B27AC /* fit */,
				D12E67052B96EEFE009B27AC /* fitTests */,
				D12E670F2B96EEFE009B27AC /* fitUITests */,
				D12E66F02B96EEFD009B27AC /* Products */,
			);
			sourceTree = "<group>";
		};
		D12E66F02B96EEFD009B27AC /* Products */ = {
			isa = PBXGroup;
			children = (
				D12E66EF2B96EEFD009B27AC /* fit.app */,
				D12E67022B96EEFE009B27AC /* fitTests.xctest */,
				D12E670C2B96EEFE009B27AC /* fitUITests.xctest */,
			);
			name = Products;
			sourceTree = "<group>";
		};
		D12E66F12B96EEFD009B27AC /* fit */ = {
			isa = PBXGroup;
			children = (
				D12E66F22B96EEFD009B27AC /* fitApp.swift */,
				D12E66F42B96EEFD009B27AC /* ContentView.swift */,
				D12E66F62B96EEFD009B27AC /* Item.swift */,
				D12E66F82B96EEFE009B27AC /* Assets.xcassets */,
				D12E66FA2B96EEFE009B27AC /* fit.entitlements */,
				D12E66FB2B96EEFE009B27AC /* Preview Content */,
			);
			path = fit;
			sourceTree = "<group>";
		};
		D12E66FB2B96EEFE009B27AC /* Preview Content */ = {
			isa = PBXGroup;
			children = (
				D12E66FC2B96EEFE009B27AC /* Preview Assets.xcassets */,
			);
			path = "Preview Content";
			sourceTree = "<group>";
		};
		D12E67052B96EEFE009B27AC /* fitTests */ = {
			isa = PBXGroup;
			children = (
				D12E67062B96EEFE009B27AC /* fitTests.swift */,
			);
			path = fitTests;
			sourceTree = "<group>";
		};
		D12E670F2B96EEFE009B27AC /* fitUITests */ = {
			isa = PBXGroup;
			children = (
				D12E67102B96EEFE009B27AC /* fitUITests.swift */,
				D12E67122B96EEFE009B27AC /* fitUITestsLaunchTests.swift */,
			);
			path = fitUITests;
			sourceTree = "<group>";
		};
/* End PBXGroup section */

/* Begin PBXNativeTarget section */
		D12E66EE2B96EEFD009B27AC /* fit */ = {
			isa = PBXNativeTarget;
			buildConfigurationList = D12E67162B96EEFE009B27AC /* Build configuration list for PBXNativeTarget "fit" */;
			buildPhases = (
				D12E66EB2B96EEFD009B27AC /* Sources */,
				D12E66EC2B96EEFD009B27AC /* Frameworks */,
				D12E66ED2B96EEFD009B27AC /* Resources */,
			);
			buildRules = (
			);
			dependencies = (
			);
			name = fit;
			productName = fit;
			productReference = D12E66EF2B96EEFD009B27AC /* fit.app */;
			productType = "com.apple.product-type.application";
		};
		D12E67012B96EEFE009B27AC /* fitTests */ = {
			isa = PBXNativeTarget;
			buildConfigurationList = D12E67192B96EEFE009B27AC /* Build configuration list for PBXNativeTarget "fitTests" */;
			buildPhases = (
				D12E66FE2B96EEFE009B27AC /* Sources */,
				D12E66FF2B96EEFE009B27AC /* Frameworks */,
				D12E67002B96EEFE009B27AC /* Resources */,
			);
			buildRules = (
			);
			dependencies = (
				D12E67042B96EEFE009B27AC /* PBXTargetDependency */,
			);
			name = fitTests;
			productName = fitTests;
			productReference = D12E67022B96EEFE009B27AC /* fitTests.xctest */;
			productType = "com.apple.product-type.bundle.unit-test";
		};
		D12E670B2B96EEFE009B27AC /* fitUITests */ = {
			isa = PBXNativeTarget;
			buildConfigurationList = D12E671C2B96EEFE009B27AC /* Build configuration list for PBXNativeTarget "fitUITests" */;
			buildPhases = (
				D12E67082B96EEFE009B27AC /* Sources */,
				D12E67092B96EEFE009B27AC /* Frameworks */,
				D12E670A2B96EEFE009B27AC /* Resources */,
			);
			buildRules = (
			);
			dependencies = (
				D12E670E2B96EEFE009B27AC /* PBXTargetDependency */,
			);
			name = fitUITests;
			productName = fitUITests;
			productReference = D12E670C2B96EEFE009B27AC /* fitUITests.xctest */;
			productType = "com.apple.product-type.bundle.ui-testing";
		};
/* End PBXNativeTarget section */

/* Begin PBXProject section */
		D12E66E72B96EEFD009B27AC /* Project object */ = {
			isa = PBXProject;
			attributes = {
				BuildIndependentTargetsInParallel = 1;
				LastSwiftUpdateCheck = 1520;
				LastUpgradeCheck = 1520;
				TargetAttributes = {
					D12E66EE2B96EEFD009B27AC = {
						CreatedOnToolsVersion = 15.2;
					};
					D12E67012B96EEFE009B27AC = {
						CreatedOnToolsVersion = 15.2;
						TestTargetID = D12E66EE2B96EEFD009B27AC;
					};
					D12E670B2B96EEFE009B27AC = {
						CreatedOnToolsVersion = 15.2;
						TestTargetID = D12E66EE2B96EEFD009B27AC;
					};
				};
			};
			buildConfigurationList = D12E66EA2B96EEFD009B27AC /* Build configuration list for PBXProject "fit" */;
			compatibilityVersion = "Xcode 14.0";
			developmentRegion = en;
			hasScannedForEncodings = 0;
			knownRegions = (
				en,
				Base,
			);
			mainGroup = D12E66E62B96EEFD009B27AC;
			productRefGroup = D12E66F02B96EEFD009B27AC /* Products */;
			projectDirPath = "";
			projectRoot = "";
			targets = (
				D12E66EE2B96EEFD009B27AC /* fit */,
				D12E67012B96EEFE009B27AC /* fitTests */,
				D12E670B2B96EEFE009B27AC /* fitUITests */,
			);
		};
/* End PBXProject section */

/* Begin PBXResourcesBuildPhase section */
		D12E66ED2B96EEFD009B27AC /* Resources */ = {
			isa = PBXResourcesBuildPhase;
			buildActionMask = 2147483647;
			files = (
				D12E66FD2B96EEFE009B27AC /* Preview Assets.xcassets in Resources */,
				D12E66F92B96EEFE009B27AC /* Assets.xcassets in Resources */,
			);
			runOnlyForDeploymentPostprocessing = 0;
		};
		D12E67002B96EEFE009B27AC /* Resources */ = {
			isa = PBXResourcesBuildPhase;
			buildActionMask = 2147483647;
			files = (
			);
			runOnlyForDeploymentPostprocessing = 0;
		};
		D12E670A2B96EEFE009B27AC /* Resources */ = {
			isa = PBXResourcesBuildPhase;
			buildActionMask = 2147483647;
			files = (
			);
			runOnlyForDeploymentPostprocessing = 0;
		};
/* End PBXResourcesBuildPhase section */

/* Begin PBXSourcesBuildPhase section */
		D12E66EB2B96EEFD009B27AC /* Sources */ = {
			isa = PBXSourcesBuildPhase;
			buildActionMask = 2147483647;
			files = (
				D12E66F52B96EEFD009B27AC /* ContentView.swift in Sources */,
				D12E66F72B96EEFD009B27AC /* Item.swift in Sources */,
				D12E66F32B96EEFD009B27AC /* fitApp.swift in Sources */,
			);
			runOnlyForDeploymentPostprocessing = 0;
		};
		D12E66FE2B96EEFE009B27AC /* Sources */ = {
			isa = PBXSourcesBuildPhase;
			buildActionMask = 2147483647;
			files = (
				D12E67072B96EEFE009B27AC /* fitTests.swift in Sources */,
			);
			runOnlyForDeploymentPostprocessing = 0;
		};
		D12E67082B96EEFE009B27AC /* Sources */ = {
			isa = PBXSourcesBuildPhase;
			buildActionMask = 2147483647;
			files = (
				D12E67132B96EEFE009B27AC /* fitUITestsLaunchTests.swift in Sources */,
				D12E67112B96EEFE009B27AC /* fitUITests.swift in Sources */,
			);
			runOnlyForDeploymentPostprocessing = 0;
		};
/* End PBXSourcesBuildPhase section */

/* Begin PBXTargetDependency section */
		D12E67042B96EEFE009B27AC /* PBXTargetDependency */ = {
			isa = PBXTargetDependency;
			target = D12E66EE2B96EEFD009B27AC /* fit */;
			targetProxy = D12E67032B96EEFE009B27AC /* PBXContainerItemProxy */;
		};
		D12E670E2B96EEFE009B27AC /* PBXTargetDependency */ = {
			isa = PBXTargetDependency;
			target = D12E66EE2B96EEFD009B27AC /* fit */;
			targetProxy = D12E670D2B96EEFE009B27AC /* PBXContainerItemProxy */;
		};
/* End PBXTargetDependency section */

/* Begin XCBuildConfiguration section */
		D12E67142B96EEFE009B27AC /* Debug */ = {
			isa = XCBuildConfiguration;
			buildSettings = {
				ALWAYS_SEARCH_USER_PATHS = NO;
				ASSETCATALOG_COMPILER_GENERATE_SWIFT_ASSET_SYMBOL_EXTENSIONS = YES;
				CLANG_ANALYZER_NONNULL = YES;
				CLANG_ANALYZER_NUMBER_OBJECT_CONVERSION = YES_AGGRESSIVE;
				CLANG_CXX_LANGUAGE_STANDARD = "gnu++20";
				CLANG_ENABLE_MODULES = YES;
				CLANG_ENABLE_OBJC_ARC = YES;
				CLANG_ENABLE_OBJC_WEAK = YES;
				CLANG_WARN_BLOCK_CAPTURE_AUTORELEASING = YES;
				CLANG_WARN_BOOL_CONVERSION = YES;
				CLANG_WARN_COMMA = YES;
				CLANG_WARN_CONSTANT_CONVERSION = YES;
				CLANG_WARN_DEPRECATED_OBJC_IMPLEMENTATIONS = YES;
				CLANG_WARN_DIRECT_OBJC_ISA_USAGE = YES_ERROR;
				CLANG_WARN_DOCUMENTATION_COMMENTS = YES;
				CLANG_WARN_EMPTY_BODY = YES;
				CLANG_WARN_ENUM_CONVERSION = YES;
				CLANG_WARN_INFINITE_RECURSION = YES;
				CLANG_WARN_INT_CONVERSION = YES;
				CLANG_WARN_NON_LITERAL_NULL_CONVERSION = YES;
				CLANG_WARN_OBJC_IMPLICIT_RETAIN_SELF = YES;
				CLANG_WARN_OBJC_LITERAL_CONVERSION = YES;
				CLANG_WARN_OBJC_ROOT_CLASS = YES_ERROR;
				CLANG_WARN_QUOTED_INCLUDE_IN_FRAMEWORK_HEADER = YES;
				CLANG_WARN_RANGE_LOOP_ANALYSIS = YES;
				CLANG_WARN_STRICT_PROTOTYPES = YES;
				CLANG_WARN_SUSPICIOUS_MOVE = YES;
				CLANG_WARN_UNGUARDED_AVAILABILITY = YES_AGGRESSIVE;
				CLANG_WARN_UNREACHABLE_CODE = YES;
				CLANG_WARN__DUPLICATE_METHOD_MATCH = YES;
				COPY_PHASE_STRIP = NO;
				DEBUG_INFORMATION_FORMAT = dwarf;
				ENABLE_STRICT_OBJC_MSGSEND = YES;
				ENABLE_TESTABILITY = YES;
				ENABLE_USER_SCRIPT_SANDBOXING = YES;
				GCC_C_LANGUAGE_STANDARD = gnu17;
				GCC_DYNAMIC_NO_PIC = NO;
				GCC_NO_COMMON_BLOCKS = YES;
				GCC_OPTIMIZATION_LEVEL = 0;
				GCC_PREPROCESSOR_DEFINITIONS = (
					"DEBUG=1",
					"$(inherited)",
				);
				GCC_WARN_64_TO_32_BIT_CONVERSION = YES;
				GCC_WARN_ABOUT_RETURN_TYPE = YES_ERROR;
				GCC_WARN_UNDECLARED_SELECTOR = YES;
				GCC_WARN_UNINITIALIZED_AUTOS = YES_AGGRESSIVE;
				GCC_WARN_UNUSED_FUNCTION = YES;
				GCC_WARN_UNUSED_VARIABLE = YES;
				LOCALIZATION_PREFERS_STRING_CATALOGS = YES;
				MTL_ENABLE_DEBUG_INFO = INCLUDE_SOURCE;
				MTL_FAST_MATH = YES;
				ONLY_ACTIVE_ARCH = YES;
				SWIFT_ACTIVE_COMPILATION_CONDITIONS = "DEBUG $(inherited)";
				SWIFT_OPTIMIZATION_LEVEL = "-Onone";
			};
			name = Debug;
		};
		D12E67152B96EEFE009B27AC /* Release */ = {
			isa = XCBuildConfiguration;
			buildSettings = {
				ALWAYS_SEARCH_USER_PATHS = NO;
				ASSETCATALOG_COMPILER_GENERATE_SWIFT_ASSET_SYMBOL_EXTENSIONS = YES;
				CLANG_ANALYZER_NONNULL = YES;
				CLANG_ANALYZER_NUMBER_OBJECT_CONVERSION = YES_AGGRESSIVE;
				CLANG_CXX_LANGUAGE_STANDARD = "gnu++20";
				CLANG_ENABLE_MODULES = YES;
				CLANG_ENABLE_OBJC_ARC = YES;
				CLANG_ENABLE_OBJC_WEAK = YES;
				CLANG_WARN_BLOCK_CAPTURE_AUTORELEASING = YES;
				CLANG_WARN_BOOL_CONVERSION = YES;
				CLANG_WARN_COMMA = YES;
				CLANG_WARN_CONSTANT_CONVERSION = YES;
				CLANG_WARN_DEPRECATED_OBJC_IMPLEMENTATIONS = YES;
				CLANG_WARN_DIRECT_OBJC_ISA_USAGE = YES_ERROR;
				CLANG_WARN_DOCUMENTATION_COMMENTS = YES;
				CLANG_WARN_EMPTY_BODY = YES;
				CLANG_WARN_ENUM_CONVERSION = YES;
				CLANG_WARN_INFINITE_RECURSION = YES;
				CLANG_WARN_INT_CONVERSION = YES;
				CLANG_WARN_NON_LITERAL_NULL_CONVERSION = YES;
				CLANG_WARN_OBJC_IMPLICIT_RETAIN_SELF = YES;
				CLANG_WARN_OBJC_LITERAL_CONVERSION = YES;
				CLANG_WARN_OBJC_ROOT_CLASS = YES_ERROR;
				CLANG_WARN_QUOTED_INCLUDE_IN_FRAMEWORK_HEADER = YES;
				CLANG_WARN_RANGE_LOOP_ANALYSIS = YES;
				CLANG_WARN_STRICT_PROTOTYPES = YES;
				CLANG_WARN_SUSPICIOUS_MOVE = YES;
				CLANG_WARN_UNGUARDED_AVAILABILITY = YES_AGGRESSIVE;
				CLANG_WARN_UNREACHABLE_CODE = YES;
				CLANG_WARN__DUPLICATE_METHOD_MATCH = YES;
				COPY_PHASE_STRIP = NO;
				DEBUG_INFORMATION_FORMAT = "dwarf-with-dsym";
				ENABLE_NS_ASSERTIONS = NO;
				ENABLE_STRICT_OBJC_MSGSEND = YES;
				ENABLE_USER_SCRIPT_SANDBOXING = YES;
				GCC_C_LANGUAGE_STANDARD = gnu17;
				GCC_NO_COMMON_BLOCKS = YES;
				GCC_WARN_64_TO_32_BIT_CONVERSION = YES;
				GCC_WARN_ABOUT_RETURN_TYPE = YES_ERROR;
				GCC_WARN_UNDECLARED_SELECTOR = YES;
				GCC_WARN_UNINITIALIZED_AUTOS = YES_AGGRESSIVE;
				GCC_WARN_UNUSED_FUNCTION = YES;
				GCC_WARN_UNUSED_VARIABLE = YES;
				LOCALIZATION_PREFERS_STRING_CATALOGS = YES;
				MTL_ENABLE_DEBUG_INFO = NO;
				MTL_FAST_MATH = YES;
				SWIFT_COMPILATION_MODE = wholemodule;
			};
			name = Release;
		};
		D12E67172B96EEFE009B27AC /* Debug */ = {
			isa = XCBuildConfiguration;
			buildSettings = {
				ASSETCATALOG_COMPILER_APPICON_NAME = AppIcon;
				ASSETCATALOG_COMPILER_GLOBAL_ACCENT_COLOR_NAME = AccentColor;
				CODE_SIGN_ENTITLEMENTS = fit/fit.entitlements;
				CODE_SIGN_STYLE = Automatic;
				CURRENT_PROJECT_VERSION = 1;
				DEVELOPMENT_ASSET_PATHS = "\"fit/Preview Content\"";
				ENABLE_PREVIEWS = YES;
				GENERATE_INFOPLIST_FILE = YES;
				INFOPLIST_KEY_LSApplicationCategoryType = "public.app-category.healthcare-fitness";
				"INFOPLIST_KEY_UIApplicationSceneManifest_Generation[sdk=iphoneos*]" = YES;
				"INFOPLIST_KEY_UIApplicationSceneManifest_Generation[sdk=iphonesimulator*]" = YES;
				"INFOPLIST_KEY_UIApplicationSupportsIndirectInputEvents[sdk=iphoneos*]" = YES;
				"INFOPLIST_KEY_UIApplicationSupportsIndirectInputEvents[sdk=iphonesimulator*]" = YES;
				"INFOPLIST_KEY_UILaunchScreen_Generation[sdk=iphoneos*]" = YES;
				"INFOPLIST_KEY_UILaunchScreen_Generation[sdk=iphonesimulator*]" = YES;
				INFOPLIST_KEY_UIStatusBarStyle = UIStatusBarStyleDarkContent;
				"INFOPLIST_KEY_UIStatusBarStyle[sdk=iphoneos*]" = UIStatusBarStyleDefault;
				"INFOPLIST_KEY_UIStatusBarStyle[sdk=iphonesimulator*]" = UIStatusBarStyleDefault;
				INFOPLIST_KEY_UISupportedInterfaceOrientations_iPad = "UIInterfaceOrientationPortrait UIInterfaceOrientationPortraitUpsideDown UIInterfaceOrientationLandscapeLeft UIInterfaceOrientationLandscapeRight";
				INFOPLIST_KEY_UISupportedInterfaceOrientations_iPhone = "UIInterfaceOrientationPortrait UIInterfaceOrientationLandscapeLeft UIInterfaceOrientationLandscapeRight";
				IPHONEOS_DEPLOYMENT_TARGET = 17.2;
				LD_RUNPATH_SEARCH_PATHS = "@executable_path/Frameworks";
				"LD_RUNPATH_SEARCH_PATHS[sdk=macosx*]" = "@executable_path/../Frameworks";
				MACOSX_DEPLOYMENT_TARGET = 14.0;
				MARKETING_VERSION = 1.0;
				PRODUCT_BUNDLE_IDENTIFIER = com.io.fit;
				PRODUCT_NAME = "$(TARGET_NAME)";
				SDKROOT = auto;
				SUPPORTED_PLATFORMS = "iphoneos iphonesimulator macosx";
				SWIFT_EMIT_LOC_STRINGS = YES;
				SWIFT_VERSION = 5.0;
				TARGETED_DEVICE_FAMILY = "1,2";
			};
			name = Debug;
		};
		D12E67182B96EEFE009B27AC /* Release */ = {
			isa = XCBuildConfiguration;
			buildSettings = {
				ASSETCATALOG_COMPILER_APPICON_NAME = AppIcon;
				ASSETCATALOG_COMPILER_GLOBAL_ACCENT_COLOR_NAME = AccentColor;
				CODE_SIGN_ENTITLEMENTS = fit/fit.entitlements;
				CODE_SIGN_STYLE = Automatic;
				CURRENT_PROJECT_VERSION = 1;
				DEVELOPMENT_ASSET_PATHS = "\"fit/Preview Content\"";
				ENABLE_PREVIEWS = YES;
				GENERATE_INFOPLIST_FILE = YES;
				INFOPLIST_KEY_LSApplicationCategoryType = "public.app-category.healthcare-fitness";
				"INFOPLIST_KEY_UIApplicationSceneManifest_Generation[sdk=iphoneos*]" = YES;
				"INFOPLIST_KEY_UIApplicationSceneManifest_Generation[sdk=iphonesimulator*]" = YES;
				"INFOPLIST_KEY_UIApplicationSupportsIndirectInputEvents[sdk=iphoneos*]" = YES;
				"INFOPLIST_KEY_UIApplicationSupportsIndirectInputEvents[sdk=iphonesimulator*]" = YES;
				"INFOPLIST_KEY_UILaunchScreen_Generation[sdk=iphoneos*]" = YES;
				"INFOPLIST_KEY_UILaunchScreen_Generation[sdk=iphonesimulator*]" = YES;
				INFOPLIST_KEY_UIStatusBarStyle = UIStatusBarStyleDarkContent;
				"INFOPLIST_KEY_UIStatusBarStyle[sdk=iphoneos*]" = UIStatusBarStyleDefault;
				"INFOPLIST_KEY_UIStatusBarStyle[sdk=iphonesimulator*]" = UIStatusBarStyleDefault;
				INFOPLIST_KEY_UISupportedInterfaceOrientations_iPad = "UIInterfaceOrientationPortrait UIInterfaceOrientationPortraitUpsideDown UIInterfaceOrientationLandscapeLeft UIInterfaceOrientationLandscapeRight";
				INFOPLIST_KEY_UISupportedInterfaceOrientations_iPhone = "UIInterfaceOrientationPortrait UIInterfaceOrientationLandscapeLeft UIInterfaceOrientationLandscapeRight";
				IPHONEOS_DEPLOYMENT_TARGET = 17.2;
				LD_RUNPATH_SEARCH_PATHS = "@executable_path/Frameworks";
				"LD_RUNPATH_SEARCH_PATHS[sdk=macosx*]" = "@executable_path/../Frameworks";
				MACOSX_DEPLOYMENT_TARGET = 14.0;
				MARKETING_VERSION = 1.0;
				PRODUCT_BUNDLE_IDENTIFIER = com.io.fit;
				PRODUCT_NAME = "$(TARGET_NAME)";
				SDKROOT = auto;
				SUPPORTED_PLATFORMS = "iphoneos iphonesimulator macosx";
				SWIFT_EMIT_LOC_STRINGS = YES;
				SWIFT_VERSION = 5.0;
				TARGETED_DEVICE_FAMILY = "1,2";
			};
			name = Release;
		};
		D12E671A2B96EEFE009B27AC /* Debug */ = {
			isa = XCBuildConfiguration;
			buildSettings = {
				ALWAYS_EMBED_SWIFT_STANDARD_LIBRARIES = YES;
				BUNDLE_LOADER = "$(TEST_HOST)";
				CODE_SIGN_STYLE = Automatic;
				CURRENT_PROJECT_VERSION = 1;
				GENERATE_INFOPLIST_FILE = YES;
				IPHONEOS_DEPLOYMENT_TARGET = 17.2;
				MACOSX_DEPLOYMENT_TARGET = 14.2;
				MARKETING_VERSION = 1.0;
				PRODUCT_BUNDLE_IDENTIFIER = com.io.fitTests;
				PRODUCT_NAME = "$(TARGET_NAME)";
				SDKROOT = auto;
				SUPPORTED_PLATFORMS = "iphoneos iphonesimulator macosx";
				SWIFT_EMIT_LOC_STRINGS = NO;
				SWIFT_VERSION = 5.0;
				TARGETED_DEVICE_FAMILY = "1,2";
				TEST_HOST = "$(BUILT_PRODUCTS_DIR)/fit.app/$(BUNDLE_EXECUTABLE_FOLDER_PATH)/fit";
			};
			name = Debug;
		};
		D12E671B2B96EEFE009B27AC /* Release */ = {
			isa = XCBuildConfiguration;
			buildSettings = {
				ALWAYS_EMBED_SWIFT_STANDARD_LIBRARIES = YES;
				BUNDLE_LOADER = "$(TEST_HOST)";
				CODE_SIGN_STYLE = Automatic;
				CURRENT_PROJECT_VERSION = 1;
				GENERATE_INFOPLIST_FILE = YES;
				IPHONEOS_DEPLOYMENT_TARGET = 17.2;
				MACOSX_DEPLOYMENT_TARGET = 14.2;
				MARKETING_VERSION = 1.0;
				PRODUCT_BUNDLE_IDENTIFIER = com.io.fitTests;
				PRODUCT_NAME = "$(TARGET_NAME)";
				SDKROOT = auto;
				SUPPORTED_PLATFORMS = "iphoneos iphonesimulator macosx";
				SWIFT_EMIT_LOC_STRINGS = NO;
				SWIFT_VERSION = 5.0;
				TARGETED_DEVICE_FAMILY = "1,2";
				TEST_HOST = "$(BUILT_PRODUCTS_DIR)/fit.app/$(BUNDLE_EXECUTABLE_FOLDER_PATH)/fit";
			};
			name = Release;
		};
		D12E671D2B96EEFE009B27AC /* Debug */ = {
			isa = XCBuildConfiguration;
			buildSettings = {
				ALWAYS_EMBED_SWIFT_STANDARD_LIBRARIES = YES;
				CODE_SIGN_STYLE = Automatic;
				CURRENT_PROJECT_VERSION = 1;
				GENERATE_INFOPLIST_FILE = YES;
				IPHONEOS_DEPLOYMENT_TARGET = 17.2;
				MACOSX_DEPLOYMENT_TARGET = 14.2;
				MARKETING_VERSION = 1.0;
				PRODUCT_BUNDLE_IDENTIFIER = com.io.fitUITests;
				PRODUCT_NAME = "$(TARGET_NAME)";
				SDKROOT = auto;
				SUPPORTED_PLATFORMS = "iphoneos iphonesimulator macosx";
				SWIFT_EMIT_LOC_STRINGS = NO;
				SWIFT_VERSION = 5.0;
				TARGETED_DEVICE_FAMILY = "1,2";
				TEST_TARGET_NAME = fit;
			};
			name = Debug;
		};
		D12E671E2B96EEFE009B27AC /* Release */ = {
			isa = XCBuildConfiguration;
			buildSettings = {
				ALWAYS_EMBED_SWIFT_STANDARD_LIBRARIES = YES;
				CODE_SIGN_STYLE = Automatic;
				CURRENT_PROJECT_VERSION = 1;
				GENERATE_INFOPLIST_FILE = YES;
				IPHONEOS_DEPLOYMENT_TARGET = 17.2;
				MACOSX_DEPLOYMENT_TARGET = 14.2;
				MARKETING_VERSION = 1.0;
				PRODUCT_BUNDLE_IDENTIFIER = com.io.fitUITests;
				PRODUCT_NAME = "$(TARGET_NAME)";
				SDKROOT = auto;
				SUPPORTED_PLATFORMS = "iphoneos iphonesimulator macosx";
				SWIFT_EMIT_LOC_STRINGS = NO;
				SWIFT_VERSION = 5.0;
				TARGETED_DEVICE_FAMILY = "1,2";
				TEST_TARGET_NAME = fit;
			};
			name = Release;
		};
/* End XCBuildConfiguration section */

/* Begin XCConfigurationList section */
		D12E66EA2B96EEFD009B27AC /* Build configuration list for PBXProject "fit" */ = {
			isa = XCConfigurationList;
			buildConfigurations = (
				D12E67142B96EEFE009B27AC /* Debug */,
				D12E67152B96EEFE009B27AC /* Release */,
			);
			defaultConfigurationIsVisible = 0;
			defaultConfigurationName = Release;
		};
		D12E67162B96EEFE009B27AC /* Build configuration list for PBXNativeTarget "fit" */ = {
			isa = XCConfigurationList;
			buildConfigurations = (
				D12E67172B96EEFE009B27AC /* Debug */,
				D12E67182B96EEFE009B27AC /* Release */,
			);
			defaultConfigurationIsVisible = 0;
			defaultConfigurationName = Release;
		};
		D12E67192B96EEFE009B27AC /* Build configuration list for PBXNativeTarget "fitTests" */ = {
			isa = XCConfigurationList;
			buildConfigurations = (
				D12E671A2B96EEFE009B27AC /* Debug */,
				D12E671B2B96EEFE009B27AC /* Release */,
			);
			defaultConfigurationIsVisible = 0;
			defaultConfigurationName = Release;
		};
		D12E671C2B96EEFE009B27AC /* Build configuration list for PBXNativeTarget "fitUITests" */ = {
			isa = XCConfigurationList;
			buildConfigurations = (
				D12E671D2B96EEFE009B27AC /* Debug */,
				D12E671E2B96EEFE009B27AC /* Release */,
			);
			defaultConfigurationIsVisible = 0;
			defaultConfigurationName = Release;
		};
/* End XCConfigurationList section */
	};
	rootObject = D12E66E72B96EEFD009B27AC /* Project object */;
}
